
Microsoft Visual Studio Solution File, Format Version 12.00
# Visual Studio 2015
Project("{FAE04EC0-301F-11D3-BF4B-00C04F79EFBC}") = "JellyFight.CSharp", "JellyFight.CSharp.csproj", "{66B72D38-C9A9-23F9-1F48-F426B79B9BBD}"
EndProject
Global
	GlobalSection(SolutionConfigurationPlatforms) = preSolution
		Debug|Any CPU = Debug|Any CPU
		Release|Any CPU = Release|Any CPU
	EndGlobalSection
	GlobalSection(ProjectConfigurationPlatforms) = postSolution
		{66B72D38-C9A9-23F9-1F48-F426B79B9BBD}.Debug|Any CPU.ActiveCfg = Debug|Any CPU
		{66B72D38-C9A9-23F9-1F48-F426B79B9BBD}.Debug|Any CPU.Build.0 = Debug|Any CPU
		{66B72D38-C9A9-23F9-1F48-F426B79B9BBD}.Release|Any CPU.ActiveCfg = Release|Any CPU
		{66B72D38-C9A9-23F9-1F48-F426B79B9BBD}.Release|Any CPU.Build.0 = Release|Any CPU
	EndGlobalSection
	GlobalSection(SolutionProperties) = preSolution
		HideSolutionNode = FALSE
	EndGlobalSection
EndGlobal
